
Microsoft Visual Studio Solution File, Format Version 11.00
# Visual Studio 2010
Project("{FAE04EC0-301F-11D3-BF4B-00C04F79EFBC}") = "Assembly-CSharp", "Assembly-CSharp.csproj", "{B5996693-B870-8695-D85E-94C5CE117A73}"
EndProject
Project("{FAE04EC0-301F-11D3-BF4B-00C04F79EFBC}") = "Assembly-CSharp-firstpass", "Assembly-CSharp-firstpass.csproj", "{B4FB57BE-3E88-54B1-40EA-3A75B0F4CB45}"
EndProject
Project("{FAE04EC0-301F-11D3-BF4B-00C04F79EFBC}") = "Assembly-CSharp-Editor", "Assembly-CSharp-Editor.csproj", "{4AE72392-F502-26AD-DD69-A43A2944E4D6}"
EndProject
Project("{FAE04EC0-301F-11D3-BF4B-00C04F79EFBC}") = "Assembly-CSharp-Editor-firstpass", "Assembly-CSharp-Editor-firstpass.csproj", "{2D0D61E0-8A35-7CF7-5E71-6C8B7DF40192}"
EndProject
Global
	GlobalSection(SolutionConfigurationPlatforms) = preSolution
		Debug|Any CPU = Debug|Any CPU
		Release|Any CPU = Release|Any CPU
	EndGlobalSection
	GlobalSection(ProjectConfigurationPlatforms) = postSolution
		{B5996693-B870-8695-D85E-94C5CE117A73}.Debug|Any CPU.ActiveCfg = Debug|Any CPU
		{B5996693-B870-8695-D85E-94C5CE117A73}.Debug|Any CPU.Build.0 = Debug|Any CPU
		{B5996693-B870-8695-D85E-94C5CE117A73}.Release|Any CPU.ActiveCfg = Release|Any CPU
		{B5996693-B870-8695-D85E-94C5CE117A73}.Release|Any CPU.Build.0 = Release|Any CPU
		{B4FB57BE-3E88-54B1-40EA-3A75B0F4CB45}.Debug|Any CPU.ActiveCfg = Debug|Any CPU
		{B4FB57BE-3E88-54B1-40EA-3A75B0F4CB45}.Debug|Any CPU.Build.0 = Debug|Any CPU
		{B4FB57BE-3E88-54B1-40EA-3A75B0F4CB45}.Release|Any CPU.ActiveCfg = Release|Any CPU
		{B4FB57BE-3E88-54B1-40EA-3A75B0F4CB45}.Release|Any CPU.Build.0 = Release|Any CPU
		{4AE72392-F502-26AD-DD69-A43A2944E4D6}.Debug|Any CPU.ActiveCfg = Debug|Any CPU
		{4AE72392-F502-26AD-DD69-A43A2944E4D6}.Debug|Any CPU.Build.0 = Debug|Any CPU
		{4AE72392-F502-26AD-DD69-A43A2944E4D6}.Release|Any CPU.ActiveCfg = Release|Any CPU
		{4AE72392-F502-26AD-DD69-A43A2944E4D6}.Release|Any CPU.Build.0 = Release|Any CPU
		{2D0D61E0-8A35-7CF7-5E71-6C8B7DF40192}.Debug|Any CPU.ActiveCfg = Debug|Any CPU
		{2D0D61E0-8A35-7CF7-5E71-6C8B7DF40192}.Debug|Any CPU.Build.0 = Debug|Any CPU
		{2D0D61E0-8A35-7CF7-5E71-6C8B7DF40192}.Release|Any CPU.ActiveCfg = Release|Any CPU
		{2D0D61E0-8A35-7CF7-5E71-6C8B7DF40192}.Release|Any CPU.Build.0 = Release|Any CPU
	EndGlobalSection
	GlobalSection(SolutionProperties) = preSolution
		HideSolutionNode = FALSE
	EndGlobalSection
EndGlobal
